
Microsoft Visual Studio Solution File, Format Version 12.00
# Visual Studio 15
VisualStudioVersion = 15.0.27703.2018
MinimumVisualStudioVersion = 10.0.40219.1
Project("{FAE04EC0-301F-11D3-BF4B-00C04F79EFBC}") = "TDDCursusLibrary", "TDDCursusLibrary\TDDCursusLibrary.csproj", "{93DF0DD3-9791-4963-B9FD-0DE1DEC50295}"
EndProject
Project("{FAE04EC0-301F-11D3-BF4B-00C04F79EFBC}") = "TDDCursusLibraryTest", "TDDCursusLibraryTest\TDDCursusLibraryTest.csproj", "{53746031-0E9F-479C-83C3-3C1DD294F9DB}"
EndProject
Global
	GlobalSection(SolutionConfigurationPlatforms) = preSolution
		Debug|Any CPU = Debug|Any CPU
		Release|Any CPU = Release|Any CPU
	EndGlobalSection
	GlobalSection(ProjectConfigurationPlatforms) = postSolution
		{93DF0DD3-9791-4963-B9FD-0DE1DEC50295}.Debug|Any CPU.ActiveCfg = Debug|Any CPU
		{93DF0DD3-9791-4963-B9FD-0DE1DEC50295}.Debug|Any CPU.Build.0 = Debug|Any CPU
		{93DF0DD3-9791-4963-B9FD-0DE1DEC50295}.Release|Any CPU.ActiveCfg = Release|Any CPU
		{93DF0DD3-9791-4963-B9FD-0DE1DEC50295}.Release|Any CPU.Build.0 = Release|Any CPU
		{53746031-0E9F-479C-83C3-3C1DD294F9DB}.Debug|Any CPU.ActiveCfg = Debug|Any CPU
		{53746031-0E9F-479C-83C3-3C1DD294F9DB}.Debug|Any CPU.Build.0 = Debug|Any CPU
		{53746031-0E9F-479C-83C3-3C1DD294F9DB}.Release|Any CPU.ActiveCfg = Release|Any CPU
		{53746031-0E9F-479C-83C3-3C1DD294F9DB}.Release|Any CPU.Build.0 = Release|Any CPU
	EndGlobalSection
	GlobalSection(SolutionProperties) = preSolution
		HideSolutionNode = FALSE
	EndGlobalSection
	GlobalSection(ExtensibilityGlobals) = postSolution
		SolutionGuid = {563AE752-B65F-4A27-8232-015B49C971C6}
	EndGlobalSection
EndGlobal
